
Microsoft Visual Studio Solution File, Format Version 12.00
# Visual Studio Version 17
VisualStudioVersion = 17.13.35931.197 d17.13
MinimumVisualStudioVersion = 10.0.40219.1
Project("{8BC9CEB8-8B4A-11D0-8D11-00A0C91BC942}") = "Program", "Program.vcxproj", "{F6CF30A1-22DE-4547-B59E-05F7BDC09F5D}"
EndProject
Project("{8BC9CEB8-8B4A-11D0-8D11-00A0C91BC942}") = "Class1th (Single Linked List)", "..\Class1th\Class1th.vcxproj", "{0BF6020E-1394-4DCC-B5B6-2C3D3A10F1DF}"
EndProject
Project("{8BC9CEB8-8B4A-11D0-8D11-00A0C91BC942}") = "Class2th (Double Linked List)", "..\Class2th (Double Linked List)\Class2th (Double Linked List).vcxproj", "{C5C630C8-9A4E-4E86-9E71-3355245044B7}"
EndProject
Project("{8BC9CEB8-8B4A-11D0-8D11-00A0C91BC942}") = "Class3th (Circle Linked List)", "..\Class3th (Circle Linked List)\Class3th (Circle Linked List).vcxproj", "{53588CA6-4FA1-4ECA-AB5F-472989D612B9}"
EndProject
Project("{8BC9CEB8-8B4A-11D0-8D11-00A0C91BC942}") = "Class4th (Vector)", "..\Class4th (Vector)\Class4th (Vector).vcxproj", "{B87FDC21-32AC-41B3-9AB0-9A6E1FA99F51}"
EndProject
Project("{8BC9CEB8-8B4A-11D0-8D11-00A0C91BC942}") = "Class5th (Stack)", "..\Class5th (Stack)\Class5th (Stack).vcxproj", "{E0553AF0-0E2D-4F11-B7B3-276788035D83}"
EndProject
Global
	GlobalSection(SolutionConfigurationPlatforms) = preSolution
		Debug|Any CPU = Debug|Any CPU
		Debug|x64 = Debug|x64
		Debug|x86 = Debug|x86
		Release|Any CPU = Release|Any CPU
		Release|x64 = Release|x64
		Release|x86 = Release|x86
	EndGlobalSection
	GlobalSection(ProjectConfigurationPlatforms) = postSolution
		{F6CF30A1-22DE-4547-B59E-05F7BDC09F5D}.Debug|Any CPU.ActiveCfg = Debug|x64
		{F6CF30A1-22DE-4547-B59E-05F7BDC09F5D}.Debug|Any CPU.Build.0 = Debug|x64
		{F6CF30A1-22DE-4547-B59E-05F7BDC09F5D}.Debug|x64.ActiveCfg = Debug|x64
		{F6CF30A1-22DE-4547-B59E-05F7BDC09F5D}.Debug|x64.Build.0 = Debug|x64
		{F6CF30A1-22DE-4547-B59E-05F7BDC09F5D}.Debug|x86.ActiveCfg = Debug|Win32
		{F6CF30A1-22DE-4547-B59E-05F7BDC09F5D}.Debug|x86.Build.0 = Debug|Win32
		{F6CF30A1-22DE-4547-B59E-05F7BDC09F5D}.Release|Any CPU.ActiveCfg = Release|x64
		{F6CF30A1-22DE-4547-B59E-05F7BDC09F5D}.Release|Any CPU.Build.0 = Release|x64
		{F6CF30A1-22DE-4547-B59E-05F7BDC09F5D}.Release|x64.ActiveCfg = Release|x64
		{F6CF30A1-22DE-4547-B59E-05F7BDC09F5D}.Release|x64.Build.0 = Release|x64
		{F6CF30A1-22DE-4547-B59E-05F7BDC09F5D}.Release|x86.ActiveCfg = Release|Win32
		{F6CF30A1-22DE-4547-B59E-05F7BDC09F5D}.Release|x86.Build.0 = Release|Win32
		{0BF6020E-1394-4DCC-B5B6-2C3D3A10F1DF}.Debug|Any CPU.ActiveCfg = Debug|x64
		{0BF6020E-1394-4DCC-B5B6-2C3D3A10F1DF}.Debug|Any CPU.Build.0 = Debug|x64
		{0BF6020E-1394-4DCC-B5B6-2C3D3A10F1DF}.Debug|x64.ActiveCfg = Debug|x64
		{0BF6020E-1394-4DCC-B5B6-2C3D3A10F1DF}.Debug|x64.Build.0 = Debug|x64
		{0BF6020E-1394-4DCC-B5B6-2C3D3A10F1DF}.Debug|x86.ActiveCfg = Debug|Win32
		{0BF6020E-1394-4DCC-B5B6-2C3D3A10F1DF}.Debug|x86.Build.0 = Debug|Win32
		{0BF6020E-1394-4DCC-B5B6-2C3D3A10F1DF}.Release|Any CPU.ActiveCfg = Release|x64
		{0BF6020E-1394-4DCC-B5B6-2C3D3A10F1DF}.Release|Any CPU.Build.0 = Release|x64
		{0BF6020E-1394-4DCC-B5B6-2C3D3A10F1DF}.Release|x64.ActiveCfg = Release|x64
		{0BF6020E-1394-4DCC-B5B6-2C3D3A10F1DF}.Release|x64.Build.0 = Release|x64
		{0BF6020E-1394-4DCC-B5B6-2C3D3A10F1DF}.Release|x86.ActiveCfg = Release|Win32
		{0BF6020E-1394-4DCC-B5B6-2C3D3A10F1DF}.Release|x86.Build.0 = Release|Win32
		{C5C630C8-9A4E-4E86-9E71-3355245044B7}.Debug|Any CPU.ActiveCfg = Debug|x64
		{C5C630C8-9A4E-4E86-9E71-3355245044B7}.Debug|Any CPU.Build.0 = Debug|x64
		{C5C630C8-9A4E-4E86-9E71-3355245044B7}.Debug|x64.ActiveCfg = Debug|x64
		{C5C630C8-9A4E-4E86-9E71-3355245044B7}.Debug|x64.Build.0 = Debug|x64
		{C5C630C8-9A4E-4E86-9E71-3355245044B7}.Debug|x86.ActiveCfg = Debug|Win32
		{C5C630C8-9A4E-4E86-9E71-3355245044B7}.Debug|x86.Build.0 = Debug|Win32
		{C5C630C8-9A4E-4E86-9E71-3355245044B7}.Release|Any CPU.ActiveCfg = Release|x64
		{C5C630C8-9A4E-4E86-9E71-3355245044B7}.Release|Any CPU.Build.0 = Release|x64
		{C5C630C8-9A4E-4E86-9E71-3355245044B7}.Release|x64.ActiveCfg = Release|x64
		{C5C630C8-9A4E-4E86-9E71-3355245044B7}.Release|x64.Build.0 = Release|x64
		{C5C630C8-9A4E-4E86-9E71-3355245044B7}.Release|x86.ActiveCfg = Release|Win32
		{C5C630C8-9A4E-4E86-9E71-3355245044B7}.Release|x86.Build.0 = Release|Win32
		{53588CA6-4FA1-4ECA-AB5F-472989D612B9}.Debug|Any CPU.ActiveCfg = Debug|x64
		{53588CA6-4FA1-4ECA-AB5F-472989D612B9}.Debug|Any CPU.Build.0 = Debug|x64
		{53588CA6-4FA1-4ECA-AB5F-472989D612B9}.Debug|x64.ActiveCfg = Debug|x64
		{53588CA6-4FA1-4ECA-AB5F-472989D612B9}.Debug|x64.Build.0 = Debug|x64
		{53588CA6-4FA1-4ECA-AB5F-472989D612B9}.Debug|x86.ActiveCfg = Debug|Win32
		{53588CA6-4FA1-4ECA-AB5F-472989D612B9}.Debug|x86.Build.0 = Debug|Win32
		{53588CA6-4FA1-4ECA-AB5F-472989D612B9}.Release|Any CPU.ActiveCfg = Release|x64
		{53588CA6-4FA1-4ECA-AB5F-472989D612B9}.Release|Any CPU.Build.0 = Release|x64
		{53588CA6-4FA1-4ECA-AB5F-472989D612B9}.Release|x64.ActiveCfg = Release|x64
		{53588CA6-4FA1-4ECA-AB5F-472989D612B9}.Release|x64.Build.0 = Release|x64
		{53588CA6-4FA1-4ECA-AB5F-472989D612B9}.Release|x86.ActiveCfg = Release|Win32
		{53588CA6-4FA1-4ECA-AB5F-472989D612B9}.Release|x86.Build.0 = Release|Win32
		{B87FDC21-32AC-41B3-9AB0-9A6E1FA99F51}.Debug|Any CPU.ActiveCfg = Debug|x64
		{B87FDC21-32AC-41B3-9AB0-9A6E1FA99F51}.Debug|Any CPU.Build.0 = Debug|x64
		{B87FDC21-32AC-41B3-9AB0-9A6E1FA99F51}.Debug|x64.ActiveCfg = Debug|x64
		{B87FDC21-32AC-41B3-9AB0-9A6E1FA99F51}.Debug|x64.Build.0 = Debug|x64
		{B87FDC21-32AC-41B3-9AB0-9A6E1FA99F51}.Debug|x86.ActiveCfg = Debug|Win32
		{B87FDC21-32AC-41B3-9AB0-9A6E1FA99F51}.Debug|x86.Build.0 = Debug|Win32
		{B87FDC21-32AC-41B3-9AB0-9A6E1FA99F51}.Release|Any CPU.ActiveCfg = Release|x64
		{B87FDC21-32AC-41B3-9AB0-9A6E1FA99F51}.Release|Any CPU.Build.0 = Release|x64
		{B87FDC21-32AC-41B3-9AB0-9A6E1FA99F51}.Release|x64.ActiveCfg = Release|x64
		{B87FDC21-32AC-41B3-9AB0-9A6E1FA99F51}.Release|x64.Build.0 = Release|x64
		{B87FDC21-32AC-41B3-9AB0-9A6E1FA99F51}.Release|x86.ActiveCfg = Release|Win32
		{B87FDC21-32AC-41B3-9AB0-9A6E1FA99F51}.Release|x86.Build.0 = Release|Win32
		{E0553AF0-0E2D-4F11-B7B3-276788035D83}.Debug|Any CPU.ActiveCfg = Debug|x64
		{E0553AF0-0E2D-4F11-B7B3-276788035D83}.Debug|Any CPU.Build.0 = Debug|x64
		{E0553AF0-0E2D-4F11-B7B3-276788035D83}.Debug|x64.ActiveCfg = Debug|x64
		{E0553AF0-0E2D-4F11-B7B3-276788035D83}.Debug|x64.Build.0 = Debug|x64
		{E0553AF0-0E2D-4F11-B7B3-276788035D83}.Debug|x86.ActiveCfg = Debug|Win32
		{E0553AF0-0E2D-4F11-B7B3-276788035D83}.Debug|x86.Build.0 = Debug|Win32
		{E0553AF0-0E2D-4F11-B7B3-276788035D83}.Release|Any CPU.ActiveCfg = Release|x64
		{E0553AF0-0E2D-4F11-B7B3-276788035D83}.Release|Any CPU.Build.0 = Release|x64
		{E0553AF0-0E2D-4F11-B7B3-276788035D83}.Release|x64.ActiveCfg = Release|x64
		{E0553AF0-0E2D-4F11-B7B3-276788035D83}.Release|x64.Build.0 = Release|x64
		{E0553AF0-0E2D-4F11-B7B3-276788035D83}.Release|x86.ActiveCfg = Release|Win32
		{E0553AF0-0E2D-4F11-B7B3-276788035D83}.Release|x86.Build.0 = Release|Win32
	EndGlobalSection
	GlobalSection(SolutionProperties) = preSolution
		HideSolutionNode = FALSE
	EndGlobalSection
	GlobalSection(ExtensibilityGlobals) = postSolution
		SolutionGuid = {3397A371-44B2-43EA-B591-41DBFB9520F8}
	EndGlobalSection
EndGlobal
